
Microsoft Visual Studio Solution File, Format Version 12.00
# Visual Studio 15
VisualStudioVersion = 15.0.28307.1209
MinimumVisualStudioVersion = 10.0.40219.1
Project("{FAE04EC0-301F-11D3-BF4B-00C04F79EFBC}") = "araçkiralama", "araçkiralama\araçkiralama.csproj", "{CFA52E3A-AA26-4602-82A2-6D5F0C627E08}"
EndProject
Global
	GlobalSection(SolutionConfigurationPlatforms) = preSolution
		Debug|Any CPU = Debug|Any CPU
		Release|Any CPU = Release|Any CPU
	EndGlobalSection
	GlobalSection(ProjectConfigurationPlatforms) = postSolution
		{CFA52E3A-AA26-4602-82A2-6D5F0C627E08}.Debug|Any CPU.ActiveCfg = Debug|Any CPU
		{CFA52E3A-AA26-4602-82A2-6D5F0C627E08}.Debug|Any CPU.Build.0 = Debug|Any CPU
		{CFA52E3A-AA26-4602-82A2-6D5F0C627E08}.Release|Any CPU.ActiveCfg = Release|Any CPU
		{CFA52E3A-AA26-4602-82A2-6D5F0C627E08}.Release|Any CPU.Build.0 = Release|Any CPU
	EndGlobalSection
	GlobalSection(SolutionProperties) = preSolution
		HideSolutionNode = FALSE
	EndGlobalSection
	GlobalSection(ExtensibilityGlobals) = postSolution
		SolutionGuid = {328658E5-8B17-4BC0-8C24-97130D39C27C}
	EndGlobalSection
EndGlobal
